// !$*UTF8*$!
{
	archiveVersion = 1;
	classes = {
	};
	objectVersion = 56;
	objects = {

/* Begin PBXBuildFile section */
		4293319F2A55F277008449F3 /* MovieListItem.swift in Sources */ = {isa = PBXBuildFile; fileRef = 4293319E2A55F277008449F3 /* MovieListItem.swift */; };
		4A07E6372A6992FC00A5E58B /* HorizontalCarrouselView.swift in Sources */ = {isa = PBXBuildFile; fileRef = 4A07E6362A6992FC00A5E58B /* HorizontalCarrouselView.swift */; };
		4A3696382A5731CB00A216A5 /* CarrouselView.swift in Sources */ = {isa = PBXBuildFile; fileRef = 4A3696372A5731CB00A216A5 /* CarrouselView.swift */; };
		4A36963A2A5731DF00A216A5 /* Constants.swift in Sources */ = {isa = PBXBuildFile; fileRef = 4A3696392A5731DF00A216A5 /* Constants.swift */; };
		4A36963C2A5731F300A216A5 /* NewMoviesView.swift in Sources */ = {isa = PBXBuildFile; fileRef = 4A36963B2A5731F300A216A5 /* NewMoviesView.swift */; };
		4A36963E2A574C4000A216A5 /* PopularMoviesView.swift in Sources */ = {isa = PBXBuildFile; fileRef = 4A36963D2A574C4000A216A5 /* PopularMoviesView.swift */; };
		4A6CBC782A4CE724006FABBF /* CastMember.swift in Sources */ = {isa = PBXBuildFile; fileRef = 4A6CBC752A4CE723006FABBF /* CastMember.swift */; };
		4A6CBC792A4CE724006FABBF /* Movie.swift in Sources */ = {isa = PBXBuildFile; fileRef = 4A6CBC762A4CE723006FABBF /* Movie.swift */; };
		4A6CBC7A2A4CE724006FABBF /* Genre.swift in Sources */ = {isa = PBXBuildFile; fileRef = 4A6CBC772A4CE724006FABBF /* Genre.swift */; };
		4A6CBC7C2A4CE755006FABBF /* MovieViewModel.swift in Sources */ = {isa = PBXBuildFile; fileRef = 4A6CBC7B2A4CE755006FABBF /* MovieViewModel.swift */; };
		4AE943212A42365C00B199AA /* TabViewNavigation.swift in Sources */ = {isa = PBXBuildFile; fileRef = 4AE943202A42365C00B199AA /* TabViewNavigation.swift */; };
		4AE943232A423AF500B199AA /* UserView.swift in Sources */ = {isa = PBXBuildFile; fileRef = 4AE943222A423AF500B199AA /* UserView.swift */; };
		4AE943272A42539F00B199AA /* BrowseView.swift in Sources */ = {isa = PBXBuildFile; fileRef = 4AE943262A42539F00B199AA /* BrowseView.swift */; };
		4AE943292A42599D00B199AA /* MainViewAux.swift in Sources */ = {isa = PBXBuildFile; fileRef = 4AE943282A42599D00B199AA /* MainViewAux.swift */; };
		71AFBDCC2A4E227F008A9B36 /* MovieDetailsView.swift in Sources */ = {isa = PBXBuildFile; fileRef = 71AFBDCB2A4E227F008A9B36 /* MovieDetailsView.swift */; };
		71EE3C842A60C0DD0094EE0F /* ButtonsView.swift in Sources */ = {isa = PBXBuildFile; fileRef = 71EE3C832A60C0DD0094EE0F /* ButtonsView.swift */; };
		71EE3C862A60C0E10094EE0F /* ImageView.swift in Sources */ = {isa = PBXBuildFile; fileRef = 71EE3C852A60C0E10094EE0F /* ImageView.swift */; };
		71EE3C882A60C0ED0094EE0F /* TextViews.swift in Sources */ = {isa = PBXBuildFile; fileRef = 71EE3C872A60C0ED0094EE0F /* TextViews.swift */; };
		E63AC3142A4E108000919C30 /* MovieListPage.swift in Sources */ = {isa = PBXBuildFile; fileRef = E63AC3132A4E108000919C30 /* MovieListPage.swift */; };
		E66E52362A4F379D00BB1A23 /* Decoder.swift in Sources */ = {isa = PBXBuildFile; fileRef = E66E52352A4F379D00BB1A23 /* Decoder.swift */; };
		E69FBC842A65C41800A5BB53 /* endpointBuilder.swift in Sources */ = {isa = PBXBuildFile; fileRef = E69FBC832A65C41800A5BB53 /* endpointBuilder.swift */; };
		E6C7BE202A4DFADD00AEE831 /* MainViewModel.swift in Sources */ = {isa = PBXBuildFile; fileRef = E6C7BE1F2A4DFADD00AEE831 /* MainViewModel.swift */; };
		E6C7BE222A4DFB0F00AEE831 /* MainView.swift in Sources */ = {isa = PBXBuildFile; fileRef = E6C7BE212A4DFB0F00AEE831 /* MainView.swift */; };
		E6C7BE252A4E041F00AEE831 /* NetworkManager.swift in Sources */ = {isa = PBXBuildFile; fileRef = E6C7BE242A4E041F00AEE831 /* NetworkManager.swift */; };
		E6CC67392A3B895900C2C015 /* TheMovieCatalogueApp.swift in Sources */ = {isa = PBXBuildFile; fileRef = E6CC67382A3B895900C2C015 /* TheMovieCatalogueApp.swift */; };
		E6CC673B2A3B895900C2C015 /* ContentView.swift in Sources */ = {isa = PBXBuildFile; fileRef = E6CC673A2A3B895900C2C015 /* ContentView.swift */; };
		E6CC673D2A3B895B00C2C015 /* Assets.xcassets in Resources */ = {isa = PBXBuildFile; fileRef = E6CC673C2A3B895B00C2C015 /* Assets.xcassets */; };
		E6CC67402A3B895B00C2C015 /* Preview Assets.xcassets in Resources */ = {isa = PBXBuildFile; fileRef = E6CC673F2A3B895B00C2C015 /* Preview Assets.xcassets */; };
		E6CC675C2A42237800C2C015 /* TheMovieCatalogueTests.swift in Sources */ = {isa = PBXBuildFile; fileRef = E6CC675B2A42237800C2C015 /* TheMovieCatalogueTests.swift */; };
/* End PBXBuildFile section */

/* Begin PBXContainerItemProxy section */
		E6CC675D2A42237800C2C015 /* PBXContainerItemProxy */ = {
			isa = PBXContainerItemProxy;
			containerPortal = E6CC672D2A3B895900C2C015 /* Project object */;
			proxyType = 1;
			remoteGlobalIDString = E6CC67342A3B895900C2C015;
			remoteInfo = TheMovieCatalogue;
		};
/* End PBXContainerItemProxy section */

/* Begin PBXFileReference section */
		4293319E2A55F277008449F3 /* MovieListItem.swift */ = {isa = PBXFileReference; lastKnownFileType = sourcecode.swift; path = MovieListItem.swift; sourceTree = "<group>"; };
		4A07E6362A6992FC00A5E58B /* HorizontalCarrouselView.swift */ = {isa = PBXFileReference; lastKnownFileType = sourcecode.swift; path = HorizontalCarrouselView.swift; sourceTree = "<group>"; };
		4A3696372A5731CB00A216A5 /* CarrouselView.swift */ = {isa = PBXFileReference; fileEncoding = 4; lastKnownFileType = sourcecode.swift; path = CarrouselView.swift; sourceTree = "<group>"; };
		4A3696392A5731DF00A216A5 /* Constants.swift */ = {isa = PBXFileReference; fileEncoding = 4; lastKnownFileType = sourcecode.swift; path = Constants.swift; sourceTree = "<group>"; };
		4A36963B2A5731F300A216A5 /* NewMoviesView.swift */ = {isa = PBXFileReference; fileEncoding = 4; lastKnownFileType = sourcecode.swift; path = NewMoviesView.swift; sourceTree = "<group>"; };
		4A36963D2A574C4000A216A5 /* PopularMoviesView.swift */ = {isa = PBXFileReference; lastKnownFileType = sourcecode.swift; path = PopularMoviesView.swift; sourceTree = "<group>"; };
		4A6CBC752A4CE723006FABBF /* CastMember.swift */ = {isa = PBXFileReference; fileEncoding = 4; lastKnownFileType = sourcecode.swift; path = CastMember.swift; sourceTree = "<group>"; };
		4A6CBC762A4CE723006FABBF /* Movie.swift */ = {isa = PBXFileReference; fileEncoding = 4; lastKnownFileType = sourcecode.swift; path = Movie.swift; sourceTree = "<group>"; };
		4A6CBC772A4CE724006FABBF /* Genre.swift */ = {isa = PBXFileReference; fileEncoding = 4; lastKnownFileType = sourcecode.swift; path = Genre.swift; sourceTree = "<group>"; };
		4A6CBC7B2A4CE755006FABBF /* MovieViewModel.swift */ = {isa = PBXFileReference; fileEncoding = 4; lastKnownFileType = sourcecode.swift; path = MovieViewModel.swift; sourceTree = "<group>"; };
		4AE943202A42365C00B199AA /* TabViewNavigation.swift */ = {isa = PBXFileReference; lastKnownFileType = sourcecode.swift; path = TabViewNavigation.swift; sourceTree = "<group>"; };
		4AE943222A423AF500B199AA /* UserView.swift */ = {isa = PBXFileReference; lastKnownFileType = sourcecode.swift; path = UserView.swift; sourceTree = "<group>"; };
		4AE943262A42539F00B199AA /* BrowseView.swift */ = {isa = PBXFileReference; lastKnownFileType = sourcecode.swift; path = BrowseView.swift; sourceTree = "<group>"; };
		4AE943282A42599D00B199AA /* MainViewAux.swift */ = {isa = PBXFileReference; lastKnownFileType = sourcecode.swift; path = MainViewAux.swift; sourceTree = "<group>"; };
		71AFBDCB2A4E227F008A9B36 /* MovieDetailsView.swift */ = {isa = PBXFileReference; lastKnownFileType = sourcecode.swift; path = MovieDetailsView.swift; sourceTree = "<group>"; };
		71EE3C832A60C0DD0094EE0F /* ButtonsView.swift */ = {isa = PBXFileReference; fileEncoding = 4; lastKnownFileType = sourcecode.swift; path = ButtonsView.swift; sourceTree = "<group>"; };
		71EE3C852A60C0E10094EE0F /* ImageView.swift */ = {isa = PBXFileReference; fileEncoding = 4; lastKnownFileType = sourcecode.swift; path = ImageView.swift; sourceTree = "<group>"; };
		71EE3C872A60C0ED0094EE0F /* TextViews.swift */ = {isa = PBXFileReference; fileEncoding = 4; lastKnownFileType = sourcecode.swift; path = TextViews.swift; sourceTree = "<group>"; };
		E63AC3132A4E108000919C30 /* MovieListPage.swift */ = {isa = PBXFileReference; lastKnownFileType = sourcecode.swift; path = MovieListPage.swift; sourceTree = "<group>"; };
		E66E52352A4F379D00BB1A23 /* Decoder.swift */ = {isa = PBXFileReference; lastKnownFileType = sourcecode.swift; path = Decoder.swift; sourceTree = "<group>"; };
		E69FBC832A65C41800A5BB53 /* endpointBuilder.swift */ = {isa = PBXFileReference; lastKnownFileType = sourcecode.swift; path = endpointBuilder.swift; sourceTree = "<group>"; };
		E6C7BE1F2A4DFADD00AEE831 /* MainViewModel.swift */ = {isa = PBXFileReference; lastKnownFileType = sourcecode.swift; path = MainViewModel.swift; sourceTree = "<group>"; };
		E6C7BE212A4DFB0F00AEE831 /* MainView.swift */ = {isa = PBXFileReference; lastKnownFileType = sourcecode.swift; path = MainView.swift; sourceTree = "<group>"; };
		E6C7BE242A4E041F00AEE831 /* NetworkManager.swift */ = {isa = PBXFileReference; lastKnownFileType = sourcecode.swift; path = NetworkManager.swift; sourceTree = "<group>"; };
		E6CC67352A3B895900C2C015 /* TheMovieCatalogue.app */ = {isa = PBXFileReference; explicitFileType = wrapper.application; includeInIndex = 0; path = TheMovieCatalogue.app; sourceTree = BUILT_PRODUCTS_DIR; };
		E6CC67382A3B895900C2C015 /* TheMovieCatalogueApp.swift */ = {isa = PBXFileReference; lastKnownFileType = sourcecode.swift; path = TheMovieCatalogueApp.swift; sourceTree = "<group>"; };
		E6CC673A2A3B895900C2C015 /* ContentView.swift */ = {isa = PBXFileReference; lastKnownFileType = sourcecode.swift; path = ContentView.swift; sourceTree = "<group>"; };
		E6CC673C2A3B895B00C2C015 /* Assets.xcassets */ = {isa = PBXFileReference; lastKnownFileType = folder.assetcatalog; path = Assets.xcassets; sourceTree = "<group>"; };
		E6CC673F2A3B895B00C2C015 /* Preview Assets.xcassets */ = {isa = PBXFileReference; lastKnownFileType = folder.assetcatalog; path = "Preview Assets.xcassets"; sourceTree = "<group>"; };
		E6CC67592A42237800C2C015 /* TheMovieCatalogueTests.xctest */ = {isa = PBXFileReference; explicitFileType = wrapper.cfbundle; includeInIndex = 0; path = TheMovieCatalogueTests.xctest; sourceTree = BUILT_PRODUCTS_DIR; };
		E6CC675B2A42237800C2C015 /* TheMovieCatalogueTests.swift */ = {isa = PBXFileReference; lastKnownFileType = sourcecode.swift; path = TheMovieCatalogueTests.swift; sourceTree = "<group>"; };
/* End PBXFileReference section */

/* Begin PBXFrameworksBuildPhase section */
		E6CC67322A3B895900C2C015 /* Frameworks */ = {
			isa = PBXFrameworksBuildPhase;
			buildActionMask = 2147483647;
			files = (
			);
			runOnlyForDeploymentPostprocessing = 0;
		};
		E6CC67562A42237800C2C015 /* Frameworks */ = {
			isa = PBXFrameworksBuildPhase;
			buildActionMask = 2147483647;
			files = (
			);
			runOnlyForDeploymentPostprocessing = 0;
		};
/* End PBXFrameworksBuildPhase section */

/* Begin PBXGroup section */
		4A9D8FC72A3B8A4700C7EA5E /* Models */ = {
			isa = PBXGroup;
			children = (
				4A6CBC752A4CE723006FABBF /* CastMember.swift */,
				4A6CBC772A4CE724006FABBF /* Genre.swift */,
				4A6CBC762A4CE723006FABBF /* Movie.swift */,
				E63AC3132A4E108000919C30 /* MovieListPage.swift */,
				4293319E2A55F277008449F3 /* MovieListItem.swift */,
			);
			path = Models;
			sourceTree = "<group>";
		};
		4A9D8FC82A3B8A4C00C7EA5E /* Views */ = {
			isa = PBXGroup;
			children = (
				4A9D8FCE2A3B8B3100C7EA5E /* Components */,
				4A9D8FCD2A3B8B0900C7EA5E /* Detail */,
				4A9D8FCC2A3B8B0400C7EA5E /* Navigation */,
				4A9D8FCB2A3B8AD200C7EA5E /* Main */,
			);
			path = Views;
			sourceTree = "<group>";
		};
		4A9D8FC92A3B8A5200C7EA5E /* Utils */ = {
			isa = PBXGroup;
			children = (
				4A3696392A5731DF00A216A5 /* Constants.swift */,
			);
			path = Utils;
			sourceTree = "<group>";
		};
		4A9D8FCA2A3B8A5800C7EA5E /* ViewModels */ = {
			isa = PBXGroup;
			children = (
				4A6CBC7B2A4CE755006FABBF /* MovieViewModel.swift */,
				E6C7BE1F2A4DFADD00AEE831 /* MainViewModel.swift */,
			);
			path = ViewModels;
			sourceTree = "<group>";
		};
		4A9D8FCB2A3B8AD200C7EA5E /* Main */ = {
			isa = PBXGroup;
			children = (
				4A36963B2A5731F300A216A5 /* NewMoviesView.swift */,
				E6CC673A2A3B895900C2C015 /* ContentView.swift */,
				4AE943222A423AF500B199AA /* UserView.swift */,
				4AE943262A42539F00B199AA /* BrowseView.swift */,
				4AE943282A42599D00B199AA /* MainViewAux.swift */,
				E6C7BE212A4DFB0F00AEE831 /* MainView.swift */,
				4A36963D2A574C4000A216A5 /* PopularMoviesView.swift */,
				71AFBDCB2A4E227F008A9B36 /* MovieDetailsView.swift */,
			);
			path = Main;
			sourceTree = "<group>";
		};
		4A9D8FCC2A3B8B0400C7EA5E /* Navigation */ = {
			isa = PBXGroup;
			children = (
				4AE943202A42365C00B199AA /* TabViewNavigation.swift */,
			);
			path = Navigation;
			sourceTree = "<group>";
		};
		4A9D8FCD2A3B8B0900C7EA5E /* Detail */ = {
			isa = PBXGroup;
			children = (
			);
			path = Detail;
			sourceTree = "<group>";
		};
		4A9D8FCE2A3B8B3100C7EA5E /* Components */ = {
			isa = PBXGroup;
			children = (
				4A3696372A5731CB00A216A5 /* CarrouselView.swift */,
				71EE3C832A60C0DD0094EE0F /* ButtonsView.swift */,
				71EE3C852A60C0E10094EE0F /* ImageView.swift */,
				71EE3C872A60C0ED0094EE0F /* TextViews.swift */,
				4A07E6362A6992FC00A5E58B /* HorizontalCarrouselView.swift */,
			);
			path = Components;
			sourceTree = "<group>";
		};
		E6C7BE232A4E03A100AEE831 /* Network */ = {
			isa = PBXGroup;
			children = (
				E6C7BE242A4E041F00AEE831 /* NetworkManager.swift */,
				E66E52352A4F379D00BB1A23 /* Decoder.swift */,
			);
			path = Network;
			sourceTree = "<group>";
		};
		E6C7BE262A4E043F00AEE831 /* Resources */ = {
			isa = PBXGroup;
			children = (
				E69FBC832A65C41800A5BB53 /* endpointBuilder.swift */,
			);
			path = Resources;
			sourceTree = "<group>";
		};
		E6CC672C2A3B895900C2C015 = {
			isa = PBXGroup;
			children = (
				E6CC67372A3B895900C2C015 /* TheMovieCatalogue */,
				E6CC675A2A42237800C2C015 /* TheMovieCatalogueTests */,
				E6CC67362A3B895900C2C015 /* Products */,
			);
			sourceTree = "<group>";
		};
		E6CC67362A3B895900C2C015 /* Products */ = {
			isa = PBXGroup;
			children = (
				E6CC67352A3B895900C2C015 /* TheMovieCatalogue.app */,
				E6CC67592A42237800C2C015 /* TheMovieCatalogueTests.xctest */,
			);
			name = Products;
			sourceTree = "<group>";
		};
		E6CC67372A3B895900C2C015 /* TheMovieCatalogue */ = {
			isa = PBXGroup;
			children = (
				E6C7BE262A4E043F00AEE831 /* Resources */,
				E6C7BE232A4E03A100AEE831 /* Network */,
				4A9D8FC72A3B8A4700C7EA5E /* Models */,
				4A9D8FC82A3B8A4C00C7EA5E /* Views */,
				4A9D8FCA2A3B8A5800C7EA5E /* ViewModels */,
				4A9D8FC92A3B8A5200C7EA5E /* Utils */,
				E6CC67382A3B895900C2C015 /* TheMovieCatalogueApp.swift */,
				E6CC673C2A3B895B00C2C015 /* Assets.xcassets */,
				E6CC673E2A3B895B00C2C015 /* Preview Content */,
			);
			path = TheMovieCatalogue;
			sourceTree = "<group>";
		};
		E6CC673E2A3B895B00C2C015 /* Preview Content */ = {
			isa = PBXGroup;
			children = (
				E6CC673F2A3B895B00C2C015 /* Preview Assets.xcassets */,
			);
			path = "Preview Content";
			sourceTree = "<group>";
		};
		E6CC675A2A42237800C2C015 /* TheMovieCatalogueTests */ = {
			isa = PBXGroup;
			children = (
				E6CC675B2A42237800C2C015 /* TheMovieCatalogueTests.swift */,
			);
			path = TheMovieCatalogueTests;
			sourceTree = "<group>";
		};
/* End PBXGroup section */

/* Begin PBXNativeTarget section */
		E6CC67342A3B895900C2C015 /* TheMovieCatalogue */ = {
			isa = PBXNativeTarget;
			buildConfigurationList = E6CC67432A3B895B00C2C015 /* Build configuration list for PBXNativeTarget "TheMovieCatalogue" */;
			buildPhases = (
				E6CC67312A3B895900C2C015 /* Sources */,
				E6CC67322A3B895900C2C015 /* Frameworks */,
				E6CC67332A3B895900C2C015 /* Resources */,
				4AF22E1D2A5E08FE00E63AF1 /* SwiftLint */,
			);
			buildRules = (
			);
			dependencies = (
			);
			name = TheMovieCatalogue;
			productName = TheMovieCatalogue;
			productReference = E6CC67352A3B895900C2C015 /* TheMovieCatalogue.app */;
			productType = "com.apple.product-type.application";
		};
		E6CC67582A42237800C2C015 /* TheMovieCatalogueTests */ = {
			isa = PBXNativeTarget;
			buildConfigurationList = E6CC67612A42237800C2C015 /* Build configuration list for PBXNativeTarget "TheMovieCatalogueTests" */;
			buildPhases = (
				E6CC67552A42237800C2C015 /* Sources */,
				E6CC67562A42237800C2C015 /* Frameworks */,
				E6CC67572A42237800C2C015 /* Resources */,
			);
			buildRules = (
			);
			dependencies = (
				E6CC675E2A42237800C2C015 /* PBXTargetDependency */,
			);
			name = TheMovieCatalogueTests;
			productName = TheMovieCatalogueTests;
			productReference = E6CC67592A42237800C2C015 /* TheMovieCatalogueTests.xctest */;
			productType = "com.apple.product-type.bundle.unit-test";
		};
/* End PBXNativeTarget section */

/* Begin PBXProject section */
		E6CC672D2A3B895900C2C015 /* Project object */ = {
			isa = PBXProject;
			attributes = {
				BuildIndependentTargetsInParallel = 1;
				LastSwiftUpdateCheck = 1430;
				LastUpgradeCheck = 1430;
				TargetAttributes = {
					E6CC67342A3B895900C2C015 = {
						CreatedOnToolsVersion = 14.3.1;
					};
					E6CC67582A42237800C2C015 = {
						CreatedOnToolsVersion = 14.3.1;
						TestTargetID = E6CC67342A3B895900C2C015;
					};
				};
			};
			buildConfigurationList = E6CC67302A3B895900C2C015 /* Build configuration list for PBXProject "TheMovieCatalogue" */;
			compatibilityVersion = "Xcode 14.0";
			developmentRegion = en;
			hasScannedForEncodings = 0;
			knownRegions = (
				en,
				Base,
			);
			mainGroup = E6CC672C2A3B895900C2C015;
			productRefGroup = E6CC67362A3B895900C2C015 /* Products */;
			projectDirPath = "";
			projectRoot = "";
			targets = (
				E6CC67342A3B895900C2C015 /* TheMovieCatalogue */,
				E6CC67582A42237800C2C015 /* TheMovieCatalogueTests */,
			);
		};
/* End PBXProject section */

/* Begin PBXResourcesBuildPhase section */
		E6CC67332A3B895900C2C015 /* Resources */ = {
			isa = PBXResourcesBuildPhase;
			buildActionMask = 2147483647;
			files = (
				E6CC67402A3B895B00C2C015 /* Preview Assets.xcassets in Resources */,
				E6CC673D2A3B895B00C2C015 /* Assets.xcassets in Resources */,
			);
			runOnlyForDeploymentPostprocessing = 0;
		};
		E6CC67572A42237800C2C015 /* Resources */ = {
			isa = PBXResourcesBuildPhase;
			buildActionMask = 2147483647;
			files = (
			);
			runOnlyForDeploymentPostprocessing = 0;
		};
/* End PBXResourcesBuildPhase section */

/* Begin PBXShellScriptBuildPhase section */
		4AF22E1D2A5E08FE00E63AF1 /* SwiftLint */ = {
			isa = PBXShellScriptBuildPhase;
			alwaysOutOfDate = 1;
			buildActionMask = 2147483647;
			files = (
			);
			inputFileListPaths = (
			);
			inputPaths = (
			);
			name = SwiftLint;
			outputFileListPaths = (
			);
			outputPaths = (
			);
			runOnlyForDeploymentPostprocessing = 0;
			shellPath = /bin/sh;
			shellScript = "if [[ \"$(uname -m)\" == arm64 ]]; then\n    export PATH=\"/opt/homebrew/bin:$PATH\"\nfi\n\nif which swiftlint > /dev/null; then\n  swiftlint\nelse\n  echo \"warning: SwiftLint not installed, download from https://github.com/realm/SwiftLint\"\nfi\n";
			showEnvVarsInLog = 0;
		};
/* End PBXShellScriptBuildPhase section */

/* Begin PBXSourcesBuildPhase section */
		E6CC67312A3B895900C2C015 /* Sources */ = {
			isa = PBXSourcesBuildPhase;
			buildActionMask = 2147483647;
			files = (
				71EE3C862A60C0E10094EE0F /* ImageView.swift in Sources */,
				4A6CBC7A2A4CE724006FABBF /* Genre.swift in Sources */,
				E6C7BE222A4DFB0F00AEE831 /* MainView.swift in Sources */,
				71EE3C882A60C0ED0094EE0F /* TextViews.swift in Sources */,
				4A6CBC7C2A4CE755006FABBF /* MovieViewModel.swift in Sources */,
				4A36963C2A5731F300A216A5 /* NewMoviesView.swift in Sources */,
				E6C7BE252A4E041F00AEE831 /* NetworkManager.swift in Sources */,
				71EE3C842A60C0DD0094EE0F /* ButtonsView.swift in Sources */,
				E6CC673B2A3B895900C2C015 /* ContentView.swift in Sources */,
				E69FBC842A65C41800A5BB53 /* endpointBuilder.swift in Sources */,
				E63AC3142A4E108000919C30 /* MovieListPage.swift in Sources */,
				4A36963E2A574C4000A216A5 /* PopularMoviesView.swift in Sources */,
				4AE943212A42365C00B199AA /* TabViewNavigation.swift in Sources */,
				E6CC67392A3B895900C2C015 /* TheMovieCatalogueApp.swift in Sources */,
				4A36963A2A5731DF00A216A5 /* Constants.swift in Sources */,
				4AE943292A42599D00B199AA /* MainViewAux.swift in Sources */,
				4293319F2A55F277008449F3 /* MovieListItem.swift in Sources */,
				4AE943272A42539F00B199AA /* BrowseView.swift in Sources */,
				71AFBDCC2A4E227F008A9B36 /* MovieDetailsView.swift in Sources */,
				4A6CBC782A4CE724006FABBF /* CastMember.swift in Sources */,
				4A6CBC792A4CE724006FABBF /* Movie.swift in Sources */,
				4AE943232A423AF500B199AA /* UserView.swift in Sources */,
				E66E52362A4F379D00BB1A23 /* Decoder.swift in Sources */,
				E6C7BE202A4DFADD00AEE831 /* MainViewModel.swift in Sources */,
				4A3696382A5731CB00A216A5 /* CarrouselView.swift in Sources */,
				4A07E6372A6992FC00A5E58B /* HorizontalCarrouselView.swift in Sources */,
			);
			runOnlyForDeploymentPostprocessing = 0;
		};
		E6CC67552A42237800C2C015 /* Sources */ = {
			isa = PBXSourcesBuildPhase;
			buildActionMask = 2147483647;
			files = (
				E6CC675C2A42237800C2C015 /* TheMovieCatalogueTests.swift in Sources */,
			);
			runOnlyForDeploymentPostprocessing = 0;
		};
/* End PBXSourcesBuildPhase section */

/* Begin PBXTargetDependency section */
		E6CC675E2A42237800C2C015 /* PBXTargetDependency */ = {
			isa = PBXTargetDependency;
			target = E6CC67342A3B895900C2C015 /* TheMovieCatalogue */;
			targetProxy = E6CC675D2A42237800C2C015 /* PBXContainerItemProxy */;
		};
/* End PBXTargetDependency section */

/* Begin XCBuildConfiguration section */
		E6CC67412A3B895B00C2C015 /* Debug */ = {
			isa = XCBuildConfiguration;
			buildSettings = {
				ALWAYS_SEARCH_USER_PATHS = NO;
				CLANG_ANALYZER_NONNULL = YES;
				CLANG_ANALYZER_NUMBER_OBJECT_CONVERSION = YES_AGGRESSIVE;
				CLANG_CXX_LANGUAGE_STANDARD = "gnu++20";
				CLANG_ENABLE_MODULES = YES;
				CLANG_ENABLE_OBJC_ARC = YES;
				CLANG_ENABLE_OBJC_WEAK = YES;
				CLANG_WARN_BLOCK_CAPTURE_AUTORELEASING = YES;
				CLANG_WARN_BOOL_CONVERSION = YES;
				CLANG_WARN_COMMA = YES;
				CLANG_WARN_CONSTANT_CONVERSION = YES;
				CLANG_WARN_DEPRECATED_OBJC_IMPLEMENTATIONS = YES;
				CLANG_WARN_DIRECT_OBJC_ISA_USAGE = YES_ERROR;
				CLANG_WARN_DOCUMENTATION_COMMENTS = YES;
				CLANG_WARN_EMPTY_BODY = YES;
				CLANG_WARN_ENUM_CONVERSION = YES;
				CLANG_WARN_INFINITE_RECURSION = YES;
				CLANG_WARN_INT_CONVERSION = YES;
				CLANG_WARN_NON_LITERAL_NULL_CONVERSION = YES;
				CLANG_WARN_OBJC_IMPLICIT_RETAIN_SELF = YES;
				CLANG_WARN_OBJC_LITERAL_CONVERSION = YES;
				CLANG_WARN_OBJC_ROOT_CLASS = YES_ERROR;
				CLANG_WARN_QUOTED_INCLUDE_IN_FRAMEWORK_HEADER = YES;
				CLANG_WARN_RANGE_LOOP_ANALYSIS = YES;
				CLANG_WARN_STRICT_PROTOTYPES = YES;
				CLANG_WARN_SUSPICIOUS_MOVE = YES;
				CLANG_WARN_UNGUARDED_AVAILABILITY = YES_AGGRESSIVE;
				CLANG_WARN_UNREACHABLE_CODE = YES;
				CLANG_WARN__DUPLICATE_METHOD_MATCH = YES;
				COPY_PHASE_STRIP = NO;
				DEBUG_INFORMATION_FORMAT = dwarf;
				ENABLE_STRICT_OBJC_MSGSEND = YES;
				ENABLE_TESTABILITY = YES;
				GCC_C_LANGUAGE_STANDARD = gnu11;
				GCC_DYNAMIC_NO_PIC = NO;
				GCC_NO_COMMON_BLOCKS = YES;
				GCC_OPTIMIZATION_LEVEL = 0;
				GCC_PREPROCESSOR_DEFINITIONS = (
					"DEBUG=1",
					"$(inherited)",
				);
				GCC_WARN_64_TO_32_BIT_CONVERSION = YES;
				GCC_WARN_ABOUT_RETURN_TYPE = YES_ERROR;
				GCC_WARN_UNDECLARED_SELECTOR = YES;
				GCC_WARN_UNINITIALIZED_AUTOS = YES_AGGRESSIVE;
				GCC_WARN_UNUSED_FUNCTION = YES;
				GCC_WARN_UNUSED_VARIABLE = YES;
				IPHONEOS_DEPLOYMENT_TARGET = 16.4;
				MTL_ENABLE_DEBUG_INFO = INCLUDE_SOURCE;
				MTL_FAST_MATH = YES;
				ONLY_ACTIVE_ARCH = YES;
				SDKROOT = iphoneos;
				SWIFT_ACTIVE_COMPILATION_CONDITIONS = DEBUG;
				SWIFT_OPTIMIZATION_LEVEL = "-Onone";
			};
			name = Debug;
		};
		E6CC67422A3B895B00C2C015 /* Release */ = {
			isa = XCBuildConfiguration;
			buildSettings = {
				ALWAYS_SEARCH_USER_PATHS = NO;
				CLANG_ANALYZER_NONNULL = YES;
				CLANG_ANALYZER_NUMBER_OBJECT_CONVERSION = YES_AGGRESSIVE;
				CLANG_CXX_LANGUAGE_STANDARD = "gnu++20";
				CLANG_ENABLE_MODULES = YES;
				CLANG_ENABLE_OBJC_ARC = YES;
				CLANG_ENABLE_OBJC_WEAK = YES;
				CLANG_WARN_BLOCK_CAPTURE_AUTORELEASING = YES;
				CLANG_WARN_BOOL_CONVERSION = YES;
				CLANG_WARN_COMMA = YES;
				CLANG_WARN_CONSTANT_CONVERSION = YES;
				CLANG_WARN_DEPRECATED_OBJC_IMPLEMENTATIONS = YES;
				CLANG_WARN_DIRECT_OBJC_ISA_USAGE = YES_ERROR;
				CLANG_WARN_DOCUMENTATION_COMMENTS = YES;
				CLANG_WARN_EMPTY_BODY = YES;
				CLANG_WARN_ENUM_CONVERSION = YES;
				CLANG_WARN_INFINITE_RECURSION = YES;
				CLANG_WARN_INT_CONVERSION = YES;
				CLANG_WARN_NON_LITERAL_NULL_CONVERSION = YES;
				CLANG_WARN_OBJC_IMPLICIT_RETAIN_SELF = YES;
				CLANG_WARN_OBJC_LITERAL_CONVERSION = YES;
				CLANG_WARN_OBJC_ROOT_CLASS = YES_ERROR;
				CLANG_WARN_QUOTED_INCLUDE_IN_FRAMEWORK_HEADER = YES;
				CLANG_WARN_RANGE_LOOP_ANALYSIS = YES;
				CLANG_WARN_STRICT_PROTOTYPES = YES;
				CLANG_WARN_SUSPICIOUS_MOVE = YES;
				CLANG_WARN_UNGUARDED_AVAILABILITY = YES_AGGRESSIVE;
				CLANG_WARN_UNREACHABLE_CODE = YES;
				CLANG_WARN__DUPLICATE_METHOD_MATCH = YES;
				COPY_PHASE_STRIP = NO;
				DEBUG_INFORMATION_FORMAT = "dwarf-with-dsym";
				ENABLE_NS_ASSERTIONS = NO;
				ENABLE_STRICT_OBJC_MSGSEND = YES;
				GCC_C_LANGUAGE_STANDARD = gnu11;
				GCC_NO_COMMON_BLOCKS = YES;
				GCC_WARN_64_TO_32_BIT_CONVERSION = YES;
				GCC_WARN_ABOUT_RETURN_TYPE = YES_ERROR;
				GCC_WARN_UNDECLARED_SELECTOR = YES;
				GCC_WARN_UNINITIALIZED_AUTOS = YES_AGGRESSIVE;
				GCC_WARN_UNUSED_FUNCTION = YES;
				GCC_WARN_UNUSED_VARIABLE = YES;
				IPHONEOS_DEPLOYMENT_TARGET = 16.4;
				MTL_ENABLE_DEBUG_INFO = NO;
				MTL_FAST_MATH = YES;
				SDKROOT = iphoneos;
				SWIFT_COMPILATION_MODE = wholemodule;
				SWIFT_OPTIMIZATION_LEVEL = "-O";
				VALIDATE_PRODUCT = YES;
			};
			name = Release;
		};
		E6CC67442A3B895B00C2C015 /* Debug */ = {
			isa = XCBuildConfiguration;
			buildSettings = {
				ASSETCATALOG_COMPILER_APPICON_NAME = AppIcon;
				ASSETCATALOG_COMPILER_GLOBAL_ACCENT_COLOR_NAME = AccentColor;
				CODE_SIGN_STYLE = Automatic;
				CURRENT_PROJECT_VERSION = 1;
				DEVELOPMENT_ASSET_PATHS = "\"TheMovieCatalogue/Preview Content\"";
				DEVELOPMENT_TEAM = 2Y5TRE54KA;
				ENABLE_PREVIEWS = YES;
				GENERATE_INFOPLIST_FILE = YES;
				INFOPLIST_KEY_UIApplicationSceneManifest_Generation = YES;
				INFOPLIST_KEY_UIApplicationSupportsIndirectInputEvents = YES;
				INFOPLIST_KEY_UILaunchScreen_Generation = YES;
				INFOPLIST_KEY_UISupportedInterfaceOrientations_iPad = "UIInterfaceOrientationPortrait UIInterfaceOrientationPortraitUpsideDown UIInterfaceOrientationLandscapeLeft UIInterfaceOrientationLandscapeRight";
				INFOPLIST_KEY_UISupportedInterfaceOrientations_iPhone = "UIInterfaceOrientationPortrait UIInterfaceOrientationLandscapeLeft UIInterfaceOrientationLandscapeRight";
				LD_RUNPATH_SEARCH_PATHS = (
					"$(inherited)",
					"@executable_path/Frameworks",
				);
				MARKETING_VERSION = 1.0;
				PRODUCT_BUNDLE_IDENTIFIER = com.gramos.TheMovieCatalogue;
				PRODUCT_NAME = "$(TARGET_NAME)";
				SWIFT_EMIT_LOC_STRINGS = YES;
				SWIFT_VERSION = 5.0;
				TARGETED_DEVICE_FAMILY = "1,2";
			};
			name = Debug;
		};
		E6CC67452A3B895B00C2C015 /* Release */ = {
			isa = XCBuildConfiguration;
			buildSettings = {
				ASSETCATALOG_COMPILER_APPICON_NAME = AppIcon;
				ASSETCATALOG_COMPILER_GLOBAL_ACCENT_COLOR_NAME = AccentColor;
				CODE_SIGN_STYLE = Automatic;
				CURRENT_PROJECT_VERSION = 1;
				DEVELOPMENT_ASSET_PATHS = "\"TheMovieCatalogue/Preview Content\"";
				DEVELOPMENT_TEAM = 2Y5TRE54KA;
				ENABLE_PREVIEWS = YES;
				GENERATE_INFOPLIST_FILE = YES;
				INFOPLIST_KEY_UIApplicationSceneManifest_Generation = YES;
				INFOPLIST_KEY_UIApplicationSupportsIndirectInputEvents = YES;
				INFOPLIST_KEY_UILaunchScreen_Generation = YES;
				INFOPLIST_KEY_UISupportedInterfaceOrientations_iPad = "UIInterfaceOrientationPortrait UIInterfaceOrientationPortraitUpsideDown UIInterfaceOrientationLandscapeLeft UIInterfaceOrientationLandscapeRight";
				INFOPLIST_KEY_UISupportedInterfaceOrientations_iPhone = "UIInterfaceOrientationPortrait UIInterfaceOrientationLandscapeLeft UIInterfaceOrientationLandscapeRight";
				LD_RUNPATH_SEARCH_PATHS = (
					"$(inherited)",
					"@executable_path/Frameworks",
				);
				MARKETING_VERSION = 1.0;
				PRODUCT_BUNDLE_IDENTIFIER = com.gramos.TheMovieCatalogue;
				PRODUCT_NAME = "$(TARGET_NAME)";
				SWIFT_EMIT_LOC_STRINGS = YES;
				SWIFT_VERSION = 5.0;
				TARGETED_DEVICE_FAMILY = "1,2";
			};
			name = Release;
		};
		E6CC675F2A42237800C2C015 /* Debug */ = {
			isa = XCBuildConfiguration;
			buildSettings = {
				BUNDLE_LOADER = "$(TEST_HOST)";
				CODE_SIGN_STYLE = Automatic;
				CURRENT_PROJECT_VERSION = 1;
				GENERATE_INFOPLIST_FILE = YES;
				MARKETING_VERSION = 1.0;
				PRODUCT_BUNDLE_IDENTIFIER = com.gramos.TheMovieCatalogueTests;
				PRODUCT_NAME = "$(TARGET_NAME)";
				SWIFT_EMIT_LOC_STRINGS = NO;
				SWIFT_VERSION = 5.0;
				TARGETED_DEVICE_FAMILY = "1,2";
				TEST_HOST = "$(BUILT_PRODUCTS_DIR)/TheMovieCatalogue.app/$(BUNDLE_EXECUTABLE_FOLDER_PATH)/TheMovieCatalogue";
			};
			name = Debug;
		};
		E6CC67602A42237800C2C015 /* Release */ = {
			isa = XCBuildConfiguration;
			buildSettings = {
				BUNDLE_LOADER = "$(TEST_HOST)";
				CODE_SIGN_STYLE = Automatic;
				CURRENT_PROJECT_VERSION = 1;
				GENERATE_INFOPLIST_FILE = YES;
				MARKETING_VERSION = 1.0;
				PRODUCT_BUNDLE_IDENTIFIER = com.gramos.TheMovieCatalogueTests;
				PRODUCT_NAME = "$(TARGET_NAME)";
				SWIFT_EMIT_LOC_STRINGS = NO;
				SWIFT_VERSION = 5.0;
				TARGETED_DEVICE_FAMILY = "1,2";
				TEST_HOST = "$(BUILT_PRODUCTS_DIR)/TheMovieCatalogue.app/$(BUNDLE_EXECUTABLE_FOLDER_PATH)/TheMovieCatalogue";
			};
			name = Release;
		};
/* End XCBuildConfiguration section */

/* Begin XCConfigurationList section */
		E6CC67302A3B895900C2C015 /* Build configuration list for PBXProject "TheMovieCatalogue" */ = {
			isa = XCConfigurationList;
			buildConfigurations = (
				E6CC67412A3B895B00C2C015 /* Debug */,
				E6CC67422A3B895B00C2C015 /* Release */,
			);
			defaultConfigurationIsVisible = 0;
			defaultConfigurationName = Release;
		};
		E6CC67432A3B895B00C2C015 /* Build configuration list for PBXNativeTarget "TheMovieCatalogue" */ = {
			isa = XCConfigurationList;
			buildConfigurations = (
				E6CC67442A3B895B00C2C015 /* Debug */,
				E6CC67452A3B895B00C2C015 /* Release */,
			);
			defaultConfigurationIsVisible = 0;
			defaultConfigurationName = Release;
		};
		E6CC67612A42237800C2C015 /* Build configuration list for PBXNativeTarget "TheMovieCatalogueTests" */ = {
			isa = XCConfigurationList;
			buildConfigurations = (
				E6CC675F2A42237800C2C015 /* Debug */,
				E6CC67602A42237800C2C015 /* Release */,
			);
			defaultConfigurationIsVisible = 0;
			defaultConfigurationName = Release;
		};
/* End XCConfigurationList section */
	};
	rootObject = E6CC672D2A3B895900C2C015 /* Project object */;
}
